# This file is automatically @generated by Cargo.
# It is not intended for manual editing.
[[package]]
name = "elite"
version = "0.1.0"
source = "registry+https://github.com/rust-lang/crates.io-index"
checksum = "95ce81a9ebd4f2918dfc7209b7e2ac51fe75a1f32cc305964fa5ec25f31a697d"

[[package]]
name = "gretea"
version = "0.1.0"
dependencies = [
 "elite",
]
