# This file is automatically @generated by Cargo.
# It is not intended for manual editing.
version = 3

[[package]]
name = "elite"
version = "0.1.4"
source = "registry+https://github.com/rust-lang/crates.io-index"
checksum = "bf828b3d9f5b1a104bfe5d41ffbf8a37aabcde42085b6ea989ae8c527530db04"

[[package]]
name = "gretea"
version = "0.1.0"
dependencies = [
 "elite",
]
